
Microsoft Visual Studio Solution File, Format Version 12.00
# Visual Studio Version 16
VisualStudioVersion = 16.0.31624.102
MinimumVisualStudioVersion = 10.0.40219.1
Project("{9A19103F-16F7-4668-BE54-9A1E7A4F7556}") = "DataAccess", "DataAccess\DataAccess.csproj", "{114ACC06-64AC-441A-BF96-786353A47A50}"
EndProject
Project("{9A19103F-16F7-4668-BE54-9A1E7A4F7556}") = "Business", "Business\Business.csproj", "{584D4E3A-0D26-4E76-8F70-88CF5348C6F2}"
EndProject
Project("{9A19103F-16F7-4668-BE54-9A1E7A4F7556}") = "Entities", "Entities\Entities.csproj", "{227ED3FC-6541-4231-809E-02F21C467CEF}"
EndProject
Project("{9A19103F-16F7-4668-BE54-9A1E7A4F7556}") = "ConsoleUI", "ConsoleUI\ConsoleUI.csproj", "{8EA2F00E-D5A3-4674-9151-381CE2CE5CD0}"
EndProject
Project("{9A19103F-16F7-4668-BE54-9A1E7A4F7556}") = "Core", "Core\Core.csproj", "{7A7DF0E5-22A4-412F-B7CC-697E57506544}"
EndProject
Project("{FAE04EC0-301F-11D3-BF4B-00C04F79EFBC}") = "WebAPI", "WebAPI\WebAPI.csproj", "{513E1DC1-85A5-49D0-82B4-1DE5C2B0EA6E}"
EndProject
Global
	GlobalSection(SolutionConfigurationPlatforms) = preSolution
		Debug|Any CPU = Debug|Any CPU
		Release|Any CPU = Release|Any CPU
	EndGlobalSection
	GlobalSection(ProjectConfigurationPlatforms) = postSolution
		{114ACC06-64AC-441A-BF96-786353A47A50}.Debug|Any CPU.ActiveCfg = Debug|Any CPU
		{114ACC06-64AC-441A-BF96-786353A47A50}.Debug|Any CPU.Build.0 = Debug|Any CPU
		{114ACC06-64AC-441A-BF96-786353A47A50}.Release|Any CPU.ActiveCfg = Release|Any CPU
		{114ACC06-64AC-441A-BF96-786353A47A50}.Release|Any CPU.Build.0 = Release|Any CPU
		{584D4E3A-0D26-4E76-8F70-88CF5348C6F2}.Debug|Any CPU.ActiveCfg = Debug|Any CPU
		{584D4E3A-0D26-4E76-8F70-88CF5348C6F2}.Debug|Any CPU.Build.0 = Debug|Any CPU
		{584D4E3A-0D26-4E76-8F70-88CF5348C6F2}.Release|Any CPU.ActiveCfg = Release|Any CPU
		{584D4E3A-0D26-4E76-8F70-88CF5348C6F2}.Release|Any CPU.Build.0 = Release|Any CPU
		{227ED3FC-6541-4231-809E-02F21C467CEF}.Debug|Any CPU.ActiveCfg = Debug|Any CPU
		{227ED3FC-6541-4231-809E-02F21C467CEF}.Debug|Any CPU.Build.0 = Debug|Any CPU
		{227ED3FC-6541-4231-809E-02F21C467CEF}.Release|Any CPU.ActiveCfg = Release|Any CPU
		{227ED3FC-6541-4231-809E-02F21C467CEF}.Release|Any CPU.Build.0 = Release|Any CPU
		{8EA2F00E-D5A3-4674-9151-381CE2CE5CD0}.Debug|Any CPU.ActiveCfg = Debug|Any CPU
		{8EA2F00E-D5A3-4674-9151-381CE2CE5CD0}.Debug|Any CPU.Build.0 = Debug|Any CPU
		{8EA2F00E-D5A3-4674-9151-381CE2CE5CD0}.Release|Any CPU.ActiveCfg = Release|Any CPU
		{8EA2F00E-D5A3-4674-9151-381CE2CE5CD0}.Release|Any CPU.Build.0 = Release|Any CPU
		{7A7DF0E5-22A4-412F-B7CC-697E57506544}.Debug|Any CPU.ActiveCfg = Debug|Any CPU
		{7A7DF0E5-22A4-412F-B7CC-697E57506544}.Debug|Any CPU.Build.0 = Debug|Any CPU
		{7A7DF0E5-22A4-412F-B7CC-697E57506544}.Release|Any CPU.ActiveCfg = Release|Any CPU
		{7A7DF0E5-22A4-412F-B7CC-697E57506544}.Release|Any CPU.Build.0 = Release|Any CPU
		{513E1DC1-85A5-49D0-82B4-1DE5C2B0EA6E}.Debug|Any CPU.ActiveCfg = Debug|Any CPU
		{513E1DC1-85A5-49D0-82B4-1DE5C2B0EA6E}.Debug|Any CPU.Build.0 = Debug|Any CPU
		{513E1DC1-85A5-49D0-82B4-1DE5C2B0EA6E}.Release|Any CPU.ActiveCfg = Release|Any CPU
		{513E1DC1-85A5-49D0-82B4-1DE5C2B0EA6E}.Release|Any CPU.Build.0 = Release|Any CPU
	EndGlobalSection
	GlobalSection(SolutionProperties) = preSolution
		HideSolutionNode = FALSE
	EndGlobalSection
	GlobalSection(ExtensibilityGlobals) = postSolution
		SolutionGuid = {FEFF3E1A-D793-4CC7-9C6A-F54193D4FA79}
	EndGlobalSection
EndGlobal
